// !$*UTF8*$!
{
	archiveVersion = 1;
	classes = {
	};
	objectVersion = 50;
	objects = {

/* Begin PBXBuildFile section */
		E38D7867246884CF00F86C42 /* AppDelegate.swift in Sources */ = {isa = PBXBuildFile; fileRef = E38D7866246884CF00F86C42 /* AppDelegate.swift */; };
		E38D7869246884CF00F86C42 /* SceneDelegate.swift in Sources */ = {isa = PBXBuildFile; fileRef = E38D7868246884CF00F86C42 /* SceneDelegate.swift */; };
		E38D786B246884CF00F86C42 /* ViewController.swift in Sources */ = {isa = PBXBuildFile; fileRef = E38D786A246884CF00F86C42 /* ViewController.swift */; };
		E38D786E246884CF00F86C42 /* Main.storyboard in Resources */ = {isa = PBXBuildFile; fileRef = E38D786C246884CF00F86C42 /* Main.storyboard */; };
		E38D7870246884D600F86C42 /* Assets.xcassets in Resources */ = {isa = PBXBuildFile; fileRef = E38D786F246884D600F86C42 /* Assets.xcassets */; };
		E38D7873246884D600F86C42 /* LaunchScreen.storyboard in Resources */ = {isa = PBXBuildFile; fileRef = E38D7871246884D600F86C42 /* LaunchScreen.storyboard */; };
		E38D787E246888B900F86C42 /* WeatherTableViewCell.swift in Sources */ = {isa = PBXBuildFile; fileRef = E38D787C246888B900F86C42 /* WeatherTableViewCell.swift */; };
		E38D787F246888B900F86C42 /* WeatherTableViewCell.xib in Resources */ = {isa = PBXBuildFile; fileRef = E38D787D246888B900F86C42 /* WeatherTableViewCell.xib */; };
		E38D7882246888E100F86C42 /* HourlyTableViewCell.swift in Sources */ = {isa = PBXBuildFile; fileRef = E38D7880246888E100F86C42 /* HourlyTableViewCell.swift */; };
		E38D7883246888E100F86C42 /* HourlyTableViewCell.xib in Resources */ = {isa = PBXBuildFile; fileRef = E38D7881246888E100F86C42 /* HourlyTableViewCell.xib */; };
		E38D7887246AAB3100F86C42 /* WeatherCollectionViewCell.swift in Sources */ = {isa = PBXBuildFile; fileRef = E38D7885246AAB3000F86C42 /* WeatherCollectionViewCell.swift */; };
		E38D7888246AAB3100F86C42 /* WeatherCollectionViewCell.xib in Resources */ = {isa = PBXBuildFile; fileRef = E38D7886246AAB3000F86C42 /* WeatherCollectionViewCell.xib */; };
		E38D788A246AB5D900F86C42 /* WeatherStructures.swift in Sources */ = {isa = PBXBuildFile; fileRef = E38D7889246AB5D900F86C42 /* WeatherStructures.swift */; };
		E3B87EFB247535120005E3F8 /* clear_video.mp4 in Resources */ = {isa = PBXBuildFile; fileRef = E3B87EF7247534B30005E3F8 /* clear_video.mp4 */; };
		E3B87EFC247535190005E3F8 /* rain_video.mp4 in Resources */ = {isa = PBXBuildFile; fileRef = E3B87EF8247534B30005E3F8 /* rain_video.mp4 */; };
		E3B87EFD2475351B0005E3F8 /* cloud_video.mp4 in Resources */ = {isa = PBXBuildFile; fileRef = E3B87EF9247534B30005E3F8 /* cloud_video.mp4 */; };
		E3B87F0024753CA70005E3F8 /* UIImage.swift in Sources */ = {isa = PBXBuildFile; fileRef = E3B87EFF24753CA70005E3F8 /* UIImage.swift */; };
		E3B87F0224753FD30005E3F8 /* LocationManager.swift in Sources */ = {isa = PBXBuildFile; fileRef = E3B87F0124753FD30005E3F8 /* LocationManager.swift */; };
		E3B87F04247541FF0005E3F8 /* README.md in Resources */ = {isa = PBXBuildFile; fileRef = E3B87F03247541FF0005E3F8 /* README.md */; };
		E3B87F062475421E0005E3F8 /* details.png in Resources */ = {isa = PBXBuildFile; fileRef = E3B87F052475421E0005E3F8 /* details.png */; };
/* End PBXBuildFile section */

/* Begin PBXFileReference section */
		E38D7863246884CF00F86C42 /* MyWeatherApp.app */ = {isa = PBXFileReference; explicitFileType = wrapper.application; includeInIndex = 0; path = MyWeatherApp.app; sourceTree = BUILT_PRODUCTS_DIR; };
		E38D7866246884CF00F86C42 /* AppDelegate.swift */ = {isa = PBXFileReference; lastKnownFileType = sourcecode.swift; path = AppDelegate.swift; sourceTree = "<group>"; };
		E38D7868246884CF00F86C42 /* SceneDelegate.swift */ = {isa = PBXFileReference; lastKnownFileType = sourcecode.swift; path = SceneDelegate.swift; sourceTree = "<group>"; };
		E38D786A246884CF00F86C42 /* ViewController.swift */ = {isa = PBXFileReference; lastKnownFileType = sourcecode.swift; path = ViewController.swift; sourceTree = "<group>"; };
		E38D786D246884CF00F86C42 /* Base */ = {isa = PBXFileReference; lastKnownFileType = file.storyboard; name = Base; path = Base.lproj/Main.storyboard; sourceTree = "<group>"; };
		E38D786F246884D600F86C42 /* Assets.xcassets */ = {isa = PBXFileReference; lastKnownFileType = folder.assetcatalog; path = Assets.xcassets; sourceTree = "<group>"; };
		E38D7872246884D600F86C42 /* Base */ = {isa = PBXFileReference; lastKnownFileType = file.storyboard; name = Base; path = Base.lproj/LaunchScreen.storyboard; sourceTree = "<group>"; };
		E38D7874246884D600F86C42 /* Info.plist */ = {isa = PBXFileReference; lastKnownFileType = text.plist.xml; path = Info.plist; sourceTree = "<group>"; };
		E38D787C246888B900F86C42 /* WeatherTableViewCell.swift */ = {isa = PBXFileReference; lastKnownFileType = sourcecode.swift; path = WeatherTableViewCell.swift; sourceTree = "<group>"; };
		E38D787D246888B900F86C42 /* WeatherTableViewCell.xib */ = {isa = PBXFileReference; lastKnownFileType = file.xib; path = WeatherTableViewCell.xib; sourceTree = "<group>"; };
		E38D7880246888E100F86C42 /* HourlyTableViewCell.swift */ = {isa = PBXFileReference; lastKnownFileType = sourcecode.swift; path = HourlyTableViewCell.swift; sourceTree = "<group>"; };
		E38D7881246888E100F86C42 /* HourlyTableViewCell.xib */ = {isa = PBXFileReference; lastKnownFileType = file.xib; path = HourlyTableViewCell.xib; sourceTree = "<group>"; };
		E38D7885246AAB3000F86C42 /* WeatherCollectionViewCell.swift */ = {isa = PBXFileReference; lastKnownFileType = sourcecode.swift; path = WeatherCollectionViewCell.swift; sourceTree = "<group>"; };
		E38D7886246AAB3000F86C42 /* WeatherCollectionViewCell.xib */ = {isa = PBXFileReference; lastKnownFileType = file.xib; path = WeatherCollectionViewCell.xib; sourceTree = "<group>"; };
		E38D7889246AB5D900F86C42 /* WeatherStructures.swift */ = {isa = PBXFileReference; lastKnownFileType = sourcecode.swift; path = WeatherStructures.swift; sourceTree = "<group>"; };
		E3B87EF7247534B30005E3F8 /* clear_video.mp4 */ = {isa = PBXFileReference; lastKnownFileType = file; path = clear_video.mp4; sourceTree = "<group>"; };
		E3B87EF8247534B30005E3F8 /* rain_video.mp4 */ = {isa = PBXFileReference; lastKnownFileType = file; path = rain_video.mp4; sourceTree = "<group>"; };
		E3B87EF9247534B30005E3F8 /* cloud_video.mp4 */ = {isa = PBXFileReference; lastKnownFileType = file; path = cloud_video.mp4; sourceTree = "<group>"; };
		E3B87EFF24753CA70005E3F8 /* UIImage.swift */ = {isa = PBXFileReference; lastKnownFileType = sourcecode.swift; path = UIImage.swift; sourceTree = "<group>"; };
		E3B87F0124753FD30005E3F8 /* LocationManager.swift */ = {isa = PBXFileReference; lastKnownFileType = sourcecode.swift; path = LocationManager.swift; sourceTree = "<group>"; };
		E3B87F03247541FF0005E3F8 /* README.md */ = {isa = PBXFileReference; lastKnownFileType = net.daringfireball.markdown; path = README.md; sourceTree = "<group>"; };
		E3B87F052475421E0005E3F8 /* details.png */ = {isa = PBXFileReference; lastKnownFileType = image.png; path = details.png; sourceTree = "<group>"; };
/* End PBXFileReference section */

/* Begin PBXFrameworksBuildPhase section */
		E38D7860246884CF00F86C42 /* Frameworks */ = {
			isa = PBXFrameworksBuildPhase;
			buildActionMask = 2147483647;
			files = (
			);
			runOnlyForDeploymentPostprocessing = 0;
		};
/* End PBXFrameworksBuildPhase section */

/* Begin PBXGroup section */
		E38D785A246884CF00F86C42 = {
			isa = PBXGroup;
			children = (
				E3B87F03247541FF0005E3F8 /* README.md */,
				E38D7865246884CF00F86C42 /* MyWeatherApp */,
				E38D7864246884CF00F86C42 /* Products */,
				E3B87F052475421E0005E3F8 /* details.png */,
			);
			sourceTree = "<group>";
		};
		E38D7864246884CF00F86C42 /* Products */ = {
			isa = PBXGroup;
			children = (
				E38D7863246884CF00F86C42 /* MyWeatherApp.app */,
			);
			name = Products;
			sourceTree = "<group>";
		};
		E38D7865246884CF00F86C42 /* MyWeatherApp */ = {
			isa = PBXGroup;
			children = (
				E3B87EFE24753C8D0005E3F8 /* Extensions */,
				E3B87EFA247534D00005E3F8 /* Structures */,
				E3B87EF62475349E0005E3F8 /* Assets */,
				E38D7884246AAAF300F86C42 /* CollectionViewCell */,
				E38D787B2468887700F86C42 /* HourlyCollectionCell */,
				E38D787A2468886800F86C42 /* WeatherCell */,
				E38D7866246884CF00F86C42 /* AppDelegate.swift */,
				E38D7868246884CF00F86C42 /* SceneDelegate.swift */,
				E38D786A246884CF00F86C42 /* ViewController.swift */,
				E38D786C246884CF00F86C42 /* Main.storyboard */,
				E38D786F246884D600F86C42 /* Assets.xcassets */,
				E38D7871246884D600F86C42 /* LaunchScreen.storyboard */,
				E38D7874246884D600F86C42 /* Info.plist */,
			);
			path = MyWeatherApp;
			sourceTree = "<group>";
		};
		E38D787A2468886800F86C42 /* WeatherCell */ = {
			isa = PBXGroup;
			children = (
				E38D787C246888B900F86C42 /* WeatherTableViewCell.swift */,
				E38D787D246888B900F86C42 /* WeatherTableViewCell.xib */,
			);
			path = WeatherCell;
			sourceTree = "<group>";
		};
		E38D787B2468887700F86C42 /* HourlyCollectionCell */ = {
			isa = PBXGroup;
			children = (
				E38D7880246888E100F86C42 /* HourlyTableViewCell.swift */,
				E38D7881246888E100F86C42 /* HourlyTableViewCell.xib */,
			);
			path = HourlyCollectionCell;
			sourceTree = "<group>";
		};
		E38D7884246AAAF300F86C42 /* CollectionViewCell */ = {
			isa = PBXGroup;
			children = (
				E38D7885246AAB3000F86C42 /* WeatherCollectionViewCell.swift */,
				E38D7886246AAB3000F86C42 /* WeatherCollectionViewCell.xib */,
			);
			path = CollectionViewCell;
			sourceTree = "<group>";
		};
		E3B87EF62475349E0005E3F8 /* Assets */ = {
			isa = PBXGroup;
			children = (
				E3B87EF7247534B30005E3F8 /* clear_video.mp4 */,
				E3B87EF9247534B30005E3F8 /* cloud_video.mp4 */,
				E3B87EF8247534B30005E3F8 /* rain_video.mp4 */,
			);
			path = Assets;
			sourceTree = "<group>";
		};
		E3B87EFA247534D00005E3F8 /* Structures */ = {
			isa = PBXGroup;
			children = (
				E38D7889246AB5D900F86C42 /* WeatherStructures.swift */,
			);
			path = Structures;
			sourceTree = "<group>";
		};
		E3B87EFE24753C8D0005E3F8 /* Extensions */ = {
			isa = PBXGroup;
			children = (
				E3B87EFF24753CA70005E3F8 /* UIImage.swift */,
				E3B87F0124753FD30005E3F8 /* LocationManager.swift */,
			);
			path = Extensions;
			sourceTree = "<group>";
		};
/* End PBXGroup section */

/* Begin PBXNativeTarget section */
		E38D7862246884CF00F86C42 /* MyWeatherApp */ = {
			isa = PBXNativeTarget;
			buildConfigurationList = E38D7877246884D600F86C42 /* Build configuration list for PBXNativeTarget "MyWeatherApp" */;
			buildPhases = (
				E38D785F246884CF00F86C42 /* Sources */,
				E38D7860246884CF00F86C42 /* Frameworks */,
				E38D7861246884CF00F86C42 /* Resources */,
			);
			buildRules = (
			);
			dependencies = (
			);
			name = MyWeatherApp;
			productName = MyWeatherApp;
			productReference = E38D7863246884CF00F86C42 /* MyWeatherApp.app */;
			productType = "com.apple.product-type.application";
		};
/* End PBXNativeTarget section */

/* Begin PBXProject section */
		E38D785B246884CF00F86C42 /* Project object */ = {
			isa = PBXProject;
			attributes = {
				LastSwiftUpdateCheck = 1140;
				LastUpgradeCheck = 1140;
				ORGANIZATIONNAME = "Yauheni Bunas";
				TargetAttributes = {
					E38D7862246884CF00F86C42 = {
						CreatedOnToolsVersion = 11.4.1;
					};
				};
			};
			buildConfigurationList = E38D785E246884CF00F86C42 /* Build configuration list for PBXProject "MyWeatherApp" */;
			compatibilityVersion = "Xcode 9.3";
			developmentRegion = en;
			hasScannedForEncodings = 0;
			knownRegions = (
				en,
				Base,
			);
			mainGroup = E38D785A246884CF00F86C42;
			productRefGroup = E38D7864246884CF00F86C42 /* Products */;
			projectDirPath = "";
			projectRoot = "";
			targets = (
				E38D7862246884CF00F86C42 /* MyWeatherApp */,
			);
		};
/* End PBXProject section */

/* Begin PBXResourcesBuildPhase section */
		E38D7861246884CF00F86C42 /* Resources */ = {
			isa = PBXResourcesBuildPhase;
			buildActionMask = 2147483647;
			files = (
				E3B87EFD2475351B0005E3F8 /* cloud_video.mp4 in Resources */,
				E38D787F246888B900F86C42 /* WeatherTableViewCell.xib in Resources */,
				E3B87F04247541FF0005E3F8 /* README.md in Resources */,
				E3B87EFC247535190005E3F8 /* rain_video.mp4 in Resources */,
				E3B87F062475421E0005E3F8 /* details.png in Resources */,
				E3B87EFB247535120005E3F8 /* clear_video.mp4 in Resources */,
				E38D7883246888E100F86C42 /* HourlyTableViewCell.xib in Resources */,
				E38D7873246884D600F86C42 /* LaunchScreen.storyboard in Resources */,
				E38D7870246884D600F86C42 /* Assets.xcassets in Resources */,
				E38D786E246884CF00F86C42 /* Main.storyboard in Resources */,
				E38D7888246AAB3100F86C42 /* WeatherCollectionViewCell.xib in Resources */,
			);
			runOnlyForDeploymentPostprocessing = 0;
		};
/* End PBXResourcesBuildPhase section */

/* Begin PBXSourcesBuildPhase section */
		E38D785F246884CF00F86C42 /* Sources */ = {
			isa = PBXSourcesBuildPhase;
			buildActionMask = 2147483647;
			files = (
				E38D787E246888B900F86C42 /* WeatherTableViewCell.swift in Sources */,
				E3B87F0024753CA70005E3F8 /* UIImage.swift in Sources */,
				E38D786B246884CF00F86C42 /* ViewController.swift in Sources */,
				E38D788A246AB5D900F86C42 /* WeatherStructures.swift in Sources */,
				E38D7882246888E100F86C42 /* HourlyTableViewCell.swift in Sources */,
				E38D7887246AAB3100F86C42 /* WeatherCollectionViewCell.swift in Sources */,
				E38D7867246884CF00F86C42 /* AppDelegate.swift in Sources */,
				E38D7869246884CF00F86C42 /* SceneDelegate.swift in Sources */,
				E3B87F0224753FD30005E3F8 /* LocationManager.swift in Sources */,
			);
			runOnlyForDeploymentPostprocessing = 0;
		};
/* End PBXSourcesBuildPhase section */

/* Begin PBXVariantGroup section */
		E38D786C246884CF00F86C42 /* Main.storyboard */ = {
			isa = PBXVariantGroup;
			children = (
				E38D786D246884CF00F86C42 /* Base */,
			);
			name = Main.storyboard;
			sourceTree = "<group>";
		};
		E38D7871246884D600F86C42 /* LaunchScreen.storyboard */ = {
			isa = PBXVariantGroup;
			children = (
				E38D7872246884D600F86C42 /* Base */,
			);
			name = LaunchScreen.storyboard;
			sourceTree = "<group>";
		};
/* End PBXVariantGroup section */

/* Begin XCBuildConfiguration section */
		E38D7875246884D600F86C42 /* Debug */ = {
			isa = XCBuildConfiguration;
			buildSettings = {
				ALWAYS_SEARCH_USER_PATHS = NO;
				CLANG_ANALYZER_NONNULL = YES;
				CLANG_ANALYZER_NUMBER_OBJECT_CONVERSION = YES_AGGRESSIVE;
				CLANG_CXX_LANGUAGE_STANDARD = "gnu++14";
				CLANG_CXX_LIBRARY = "libc++";
				CLANG_ENABLE_MODULES = YES;
				CLANG_ENABLE_OBJC_ARC = YES;
				CLANG_ENABLE_OBJC_WEAK = YES;
				CLANG_WARN_BLOCK_CAPTURE_AUTORELEASING = YES;
				CLANG_WARN_BOOL_CONVERSION = YES;
				CLANG_WARN_COMMA = YES;
				CLANG_WARN_CONSTANT_CONVERSION = YES;
				CLANG_WARN_DEPRECATED_OBJC_IMPLEMENTATIONS = YES;
				CLANG_WARN_DIRECT_OBJC_ISA_USAGE = YES_ERROR;
				CLANG_WARN_DOCUMENTATION_COMMENTS = YES;
				CLANG_WARN_EMPTY_BODY = YES;
				CLANG_WARN_ENUM_CONVERSION = YES;
				CLANG_WARN_INFINITE_RECURSION = YES;
				CLANG_WARN_INT_CONVERSION = YES;
				CLANG_WARN_NON_LITERAL_NULL_CONVERSION = YES;
				CLANG_WARN_OBJC_IMPLICIT_RETAIN_SELF = YES;
				CLANG_WARN_OBJC_LITERAL_CONVERSION = YES;
				CLANG_WARN_OBJC_ROOT_CLASS = YES_ERROR;
				CLANG_WARN_RANGE_LOOP_ANALYSIS = YES;
				CLANG_WARN_STRICT_PROTOTYPES = YES;
				CLANG_WARN_SUSPICIOUS_MOVE = YES;
				CLANG_WARN_UNGUARDED_AVAILABILITY = YES_AGGRESSIVE;
				CLANG_WARN_UNREACHABLE_CODE = YES;
				CLANG_WARN__DUPLICATE_METHOD_MATCH = YES;
				COPY_PHASE_STRIP = NO;
				DEBUG_INFORMATION_FORMAT = dwarf;
				ENABLE_STRICT_OBJC_MSGSEND = YES;
				ENABLE_TESTABILITY = YES;
				GCC_C_LANGUAGE_STANDARD = gnu11;
				GCC_DYNAMIC_NO_PIC = NO;
				GCC_NO_COMMON_BLOCKS = YES;
				GCC_OPTIMIZATION_LEVEL = 0;
				GCC_PREPROCESSOR_DEFINITIONS = (
					"DEBUG=1",
					"$(inherited)",
				);
				GCC_WARN_64_TO_32_BIT_CONVERSION = YES;
				GCC_WARN_ABOUT_RETURN_TYPE = YES_ERROR;
				GCC_WARN_UNDECLARED_SELECTOR = YES;
				GCC_WARN_UNINITIALIZED_AUTOS = YES_AGGRESSIVE;
				GCC_WARN_UNUSED_FUNCTION = YES;
				GCC_WARN_UNUSED_VARIABLE = YES;
				IPHONEOS_DEPLOYMENT_TARGET = 13.4;
				MTL_ENABLE_DEBUG_INFO = INCLUDE_SOURCE;
				MTL_FAST_MATH = YES;
				ONLY_ACTIVE_ARCH = YES;
				SDKROOT = iphoneos;
				SWIFT_ACTIVE_COMPILATION_CONDITIONS = DEBUG;
				SWIFT_OPTIMIZATION_LEVEL = "-Onone";
			};
			name = Debug;
		};
		E38D7876246884D600F86C42 /* Release */ = {
			isa = XCBuildConfiguration;
			buildSettings = {
				ALWAYS_SEARCH_USER_PATHS = NO;
				CLANG_ANALYZER_NONNULL = YES;
				CLANG_ANALYZER_NUMBER_OBJECT_CONVERSION = YES_AGGRESSIVE;
				CLANG_CXX_LANGUAGE_STANDARD = "gnu++14";
				CLANG_CXX_LIBRARY = "libc++";
				CLANG_ENABLE_MODULES = YES;
				CLANG_ENABLE_OBJC_ARC = YES;
				CLANG_ENABLE_OBJC_WEAK = YES;
				CLANG_WARN_BLOCK_CAPTURE_AUTORELEASING = YES;
				CLANG_WARN_BOOL_CONVERSION = YES;
				CLANG_WARN_COMMA = YES;
				CLANG_WARN_CONSTANT_CONVERSION = YES;
				CLANG_WARN_DEPRECATED_OBJC_IMPLEMENTATIONS = YES;
				CLANG_WARN_DIRECT_OBJC_ISA_USAGE = YES_ERROR;
				CLANG_WARN_DOCUMENTATION_COMMENTS = YES;
				CLANG_WARN_EMPTY_BODY = YES;
				CLANG_WARN_ENUM_CONVERSION = YES;
				CLANG_WARN_INFINITE_RECURSION = YES;
				CLANG_WARN_INT_CONVERSION = YES;
				CLANG_WARN_NON_LITERAL_NULL_CONVERSION = YES;
				CLANG_WARN_OBJC_IMPLICIT_RETAIN_SELF = YES;
				CLANG_WARN_OBJC_LITERAL_CONVERSION = YES;
				CLANG_WARN_OBJC_ROOT_CLASS = YES_ERROR;
				CLANG_WARN_RANGE_LOOP_ANALYSIS = YES;
				CLANG_WARN_STRICT_PROTOTYPES = YES;
				CLANG_WARN_SUSPICIOUS_MOVE = YES;
				CLANG_WARN_UNGUARDED_AVAILABILITY = YES_AGGRESSIVE;
				CLANG_WARN_UNREACHABLE_CODE = YES;
				CLANG_WARN__DUPLICATE_METHOD_MATCH = YES;
				COPY_PHASE_STRIP = NO;
				DEBUG_INFORMATION_FORMAT = "dwarf-with-dsym";
				ENABLE_NS_ASSERTIONS = NO;
				ENABLE_STRICT_OBJC_MSGSEND = YES;
				GCC_C_LANGUAGE_STANDARD = gnu11;
				GCC_NO_COMMON_BLOCKS = YES;
				GCC_WARN_64_TO_32_BIT_CONVERSION = YES;
				GCC_WARN_ABOUT_RETURN_TYPE = YES_ERROR;
				GCC_WARN_UNDECLARED_SELECTOR = YES;
				GCC_WARN_UNINITIALIZED_AUTOS = YES_AGGRESSIVE;
				GCC_WARN_UNUSED_FUNCTION = YES;
				GCC_WARN_UNUSED_VARIABLE = YES;
				IPHONEOS_DEPLOYMENT_TARGET = 13.4;
				MTL_ENABLE_DEBUG_INFO = NO;
				MTL_FAST_MATH = YES;
				SDKROOT = iphoneos;
				SWIFT_COMPILATION_MODE = wholemodule;
				SWIFT_OPTIMIZATION_LEVEL = "-O";
				VALIDATE_PRODUCT = YES;
			};
			name = Release;
		};
		E38D7878246884D600F86C42 /* Debug */ = {
			isa = XCBuildConfiguration;
			buildSettings = {
				ASSETCATALOG_COMPILER_APPICON_NAME = AppIcon;
				CODE_SIGN_STYLE = Automatic;
				DEVELOPMENT_TEAM = 3PYAHU7CY6;
				INFOPLIST_FILE = MyWeatherApp/Info.plist;
				LD_RUNPATH_SEARCH_PATHS = (
					"$(inherited)",
					"@executable_path/Frameworks",
				);
				PRODUCT_BUNDLE_IDENTIFIER = y.bunas.MyWeatherApp;
				PRODUCT_NAME = "$(TARGET_NAME)";
				SWIFT_VERSION = 5.0;
				TARGETED_DEVICE_FAMILY = "1,2";
			};
			name = Debug;
		};
		E38D7879246884D600F86C42 /* Release */ = {
			isa = XCBuildConfiguration;
			buildSettings = {
				ASSETCATALOG_COMPILER_APPICON_NAME = AppIcon;
				CODE_SIGN_STYLE = Automatic;
				DEVELOPMENT_TEAM = 3PYAHU7CY6;
				INFOPLIST_FILE = MyWeatherApp/Info.plist;
				LD_RUNPATH_SEARCH_PATHS = (
					"$(inherited)",
					"@executable_path/Frameworks",
				);
				PRODUCT_BUNDLE_IDENTIFIER = y.bunas.MyWeatherApp;
				PRODUCT_NAME = "$(TARGET_NAME)";
				SWIFT_VERSION = 5.0;
				TARGETED_DEVICE_FAMILY = "1,2";
			};
			name = Release;
		};
/* End XCBuildConfiguration section */

/* Begin XCConfigurationList section */
		E38D785E246884CF00F86C42 /* Build configuration list for PBXProject "MyWeatherApp" */ = {
			isa = XCConfigurationList;
			buildConfigurations = (
				E38D7875246884D600F86C42 /* Debug */,
				E38D7876246884D600F86C42 /* Release */,
			);
			defaultConfigurationIsVisible = 0;
			defaultConfigurationName = Release;
		};
		E38D7877246884D600F86C42 /* Build configuration list for PBXNativeTarget "MyWeatherApp" */ = {
			isa = XCConfigurationList;
			buildConfigurations = (
				E38D7878246884D600F86C42 /* Debug */,
				E38D7879246884D600F86C42 /* Release */,
			);
			defaultConfigurationIsVisible = 0;
			defaultConfigurationName = Release;
		};
/* End XCConfigurationList section */
	};
	rootObject = E38D785B246884CF00F86C42 /* Project object */;
}
